[0m[33mRunning apply in the remote backend. Output will stream here. Pressing Ctrl-C
will cancel the remote apply if it's still pending. If the apply started it
will stop streaming the logs, but will not stop the apply running remotely.[0m

Preparing the remote apply...
[0m
[0m[33mTo view this run in a browser, visit:
https://app.terraform.io/app/devops-adv/devops-adv/runs/run-ZcMPeSYbgXcFEwpV[0m
[0m
Waiting for the plan to start...

Terraform v0.14.6
Configuring remote state backend...
Initializing Terraform configuration...

An execution plan has been generated and is shown below.
Resource actions are indicated with the following symbols:
  [32m+[0m create
 [36m<=[0m read (data resources)
[0m
Terraform will perform the following actions:

[1m  # data.aws_eks_cluster.cluster_adv[0m will be read during apply
  # (config refers to values not yet known)[0m[0m
[0m [36m<=[0m[0m data "aws_eks_cluster" "cluster_adv"  {
      [32m+[0m [0m[1m[0marn[0m[0m                       = (known after apply)
      [32m+[0m [0m[1m[0mcertificate_authority[0m[0m     = (known after apply)
      [32m+[0m [0m[1m[0mcreated_at[0m[0m                = (known after apply)
      [32m+[0m [0m[1m[0menabled_cluster_log_types[0m[0m = (known after apply)
      [32m+[0m [0m[1m[0mendpoint[0m[0m                  = (known after apply)
      [32m+[0m [0m[1m[0mid[0m[0m                        = (known after apply)
      [32m+[0m [0m[1m[0midentity[0m[0m                  = (known after apply)
      [32m+[0m [0m[1m[0mkubernetes_network_config[0m[0m = (known after apply)
      [32m+[0m [0m[1m[0mname[0m[0m                      = (known after apply)
      [32m+[0m [0m[1m[0mplatform_version[0m[0m          = (known after apply)
      [32m+[0m [0m[1m[0mrole_arn[0m[0m                  = (known after apply)
      [32m+[0m [0m[1m[0mstatus[0m[0m                    = (known after apply)
      [32m+[0m [0m[1m[0mtags[0m[0m                      = (known after apply)
      [32m+[0m [0m[1m[0mversion[0m[0m                   = (known after apply)
      [32m+[0m [0m[1m[0mvpc_config[0m[0m                = (known after apply)
    }

[1m  # data.aws_eks_cluster_auth.cluster_adv[0m will be read during apply
  # (config refers to values not yet known)[0m[0m
[0m [36m<=[0m[0m data "aws_eks_cluster_auth" "cluster_adv"  {
      [32m+[0m [0m[1m[0mid[0m[0m    = (known after apply)
      [32m+[0m [0m[1m[0mname[0m[0m  = (known after apply)
      [32m+[0m [0m[1m[0mtoken[0m[0m = (sensitive value)
    }

[1m  # aws_instance.ec2-instance[0m will be created[0m[0m
[0m  [32m+[0m[0m resource "aws_instance" "ec2-instance" {
      [32m+[0m [0m[1m[0mami[0m[0m                          = "ami-098828924dc89ea4a"
      [32m+[0m [0m[1m[0marn[0m[0m                          = (known after apply)
      [32m+[0m [0m[1m[0massociate_public_ip_address[0m[0m  = (known after apply)
      [32m+[0m [0m[1m[0mavailability_zone[0m[0m            = (known after apply)
      [32m+[0m [0m[1m[0mcpu_core_count[0m[0m               = (known after apply)
      [32m+[0m [0m[1m[0mcpu_threads_per_core[0m[0m         = (known after apply)
      [32m+[0m [0m[1m[0mget_password_data[0m[0m            = false
      [32m+[0m [0m[1m[0mhost_id[0m[0m                      = (known after apply)
      [32m+[0m [0m[1m[0mid[0m[0m                           = (known after apply)
      [32m+[0m [0m[1m[0minstance_state[0m[0m               = (known after apply)
      [32m+[0m [0m[1m[0minstance_type[0m[0m                = "t2.micro"
      [32m+[0m [0m[1m[0mipv6_address_count[0m[0m           = (known after apply)
      [32m+[0m [0m[1m[0mipv6_addresses[0m[0m               = (known after apply)
      [32m+[0m [0m[1m[0mkey_name[0m[0m                     = "terraform_for"
      [32m+[0m [0m[1m[0moutpost_arn[0m[0m                  = (known after apply)
      [32m+[0m [0m[1m[0mpassword_data[0m[0m                = (known after apply)
      [32m+[0m [0m[1m[0mplacement_group[0m[0m              = (known after apply)
      [32m+[0m [0m[1m[0mprimary_network_interface_id[0m[0m = (known after apply)
      [32m+[0m [0m[1m[0mprivate_dns[0m[0m                  = (known after apply)
      [32m+[0m [0m[1m[0mprivate_ip[0m[0m                   = (known after apply)
      [32m+[0m [0m[1m[0mpublic_dns[0m[0m                   = (known after apply)
      [32m+[0m [0m[1m[0mpublic_ip[0m[0m                    = (known after apply)
      [32m+[0m [0m[1m[0msecondary_private_ips[0m[0m        = (known after apply)
      [32m+[0m [0m[1m[0msecurity_groups[0m[0m              = (known after apply)
      [32m+[0m [0m[1m[0msource_dest_check[0m[0m            = true
      [32m+[0m [0m[1m[0msubnet_id[0m[0m                    = (known after apply)
      [32m+[0m [0m[1m[0mtags[0m[0m                         = {
          [32m+[0m [0m"Name" = "ec2-instance"
        }
      [32m+[0m [0m[1m[0mtenancy[0m[0m                      = (known after apply)
      [32m+[0m [0m[1m[0mvpc_security_group_ids[0m[0m       = (known after apply)

      [32m+[0m [0mebs_block_device {
          [32m+[0m [0m[1m[0mdelete_on_termination[0m[0m = (known after apply)
          [32m+[0m [0m[1m[0mdevice_name[0m[0m           = (known after apply)
          [32m+[0m [0m[1m[0mencrypted[0m[0m             = (known after apply)
          [32m+[0m [0m[1m[0miops[0m[0m                  = (known after apply)
          [32m+[0m [0m[1m[0mkms_key_id[0m[0m            = (known after apply)
          [32m+[0m [0m[1m[0msnapshot_id[0m[0m           = (known after apply)
          [32m+[0m [0m[1m[0mtags[0m[0m                  = (known after apply)
          [32m+[0m [0m[1m[0mthroughput[0m[0m            = (known after apply)
          [32m+[0m [0m[1m[0mvolume_id[0m[0m             = (known after apply)
          [32m+[0m [0m[1m[0mvolume_size[0m[0m           = (known after apply)
          [32m+[0m [0m[1m[0mvolume_type[0m[0m           = (known after apply)
        }

      [32m+[0m [0menclave_options {
          [32m+[0m [0m[1m[0menabled[0m[0m = (known after apply)
        }

      [32m+[0m [0mephemeral_block_device {
          [32m+[0m [0m[1m[0mdevice_name[0m[0m  = (known after apply)
          [32m+[0m [0m[1m[0mno_device[0m[0m    = (known after apply)
          [32m+[0m [0m[1m[0mvirtual_name[0m[0m = (known after apply)
        }

      [32m+[0m [0mmetadata_options {
          [32m+[0m [0m[1m[0mhttp_endpoint[0m[0m               = (known after apply)
          [32m+[0m [0m[1m[0mhttp_put_response_hop_limit[0m[0m = (known after apply)
          [32m+[0m [0m[1m[0mhttp_tokens[0m[0m                 = (known after apply)
        }

      [32m+[0m [0mnetwork_interface {
          [32m+[0m [0m[1m[0mdelete_on_termination[0m[0m = (known after apply)
          [32m+[0m [0m[1m[0mdevice_index[0m[0m          = (known after apply)
          [32m+[0m [0m[1m[0mnetwork_interface_id[0m[0m  = (known after apply)
        }

      [32m+[0m [0mroot_block_device {
          [32m+[0m [0m[1m[0mdelete_on_termination[0m[0m = (known after apply)
          [32m+[0m [0m[1m[0mdevice_name[0m[0m           = (known after apply)
          [32m+[0m [0m[1m[0mencrypted[0m[0m             = (known after apply)
          [32m+[0m [0m[1m[0miops[0m[0m                  = (known after apply)
          [32m+[0m [0m[1m[0mkms_key_id[0m[0m            = (known after apply)
          [32m+[0m [0m[1m[0mtags[0m[0m                  = (known after apply)
          [32m+[0m [0m[1m[0mthroughput[0m[0m            = (known after apply)
          [32m+[0m [0m[1m[0mvolume_id[0m[0m             = (known after apply)
          [32m+[0m [0m[1m[0mvolume_size[0m[0m           = (known after apply)
          [32m+[0m [0m[1m[0mvolume_type[0m[0m           = (known after apply)
        }
    }

[1m  # aws_internet_gateway.itea-igw[0m will be created[0m[0m
[0m  [32m+[0m[0m resource "aws_internet_gateway" "itea-igw" {
      [32m+[0m [0m[1m[0marn[0m[0m      = (known after apply)
      [32m+[0m [0m[1m[0mid[0m[0m       = (known after apply)
      [32m+[0m [0m[1m[0mowner_id[0m[0m = (known after apply)
      [32m+[0m [0m[1m[0mtags[0m[0m     = {
          [32m+[0m [0m"Name" = "itea-igw"
        }
      [32m+[0m [0m[1m[0mvpc_id[0m[0m   = (known after apply)
    }

[1m  # aws_route_table.itea-rt[0m will be created[0m[0m
[0m  [32m+[0m[0m resource "aws_route_table" "itea-rt" {
      [32m+[0m [0m[1m[0mid[0m[0m               = (known after apply)
      [32m+[0m [0m[1m[0mowner_id[0m[0m         = (known after apply)
      [32m+[0m [0m[1m[0mpropagating_vgws[0m[0m = (known after apply)
      [32m+[0m [0m[1m[0mroute[0m[0m            = [
          [32m+[0m [0m{
              [32m+[0m [0mcidr_block                = "0.0.0.0/0"
              [32m+[0m [0megress_only_gateway_id    = ""
              [32m+[0m [0mgateway_id                = (known after apply)
              [32m+[0m [0minstance_id               = ""
              [32m+[0m [0mipv6_cidr_block           = ""
              [32m+[0m [0mlocal_gateway_id          = ""
              [32m+[0m [0mnat_gateway_id            = ""
              [32m+[0m [0mnetwork_interface_id      = ""
              [32m+[0m [0mtransit_gateway_id        = ""
              [32m+[0m [0mvpc_endpoint_id           = ""
              [32m+[0m [0mvpc_peering_connection_id = ""
            },
        ]
      [32m+[0m [0m[1m[0mtags[0m[0m             = {
          [32m+[0m [0m"Name" = "itea-rt"
        }
      [32m+[0m [0m[1m[0mvpc_id[0m[0m           = (known after apply)
    }

[1m  # aws_route_table_association.itea-subpub-1-rt[0m will be created[0m[0m
[0m  [32m+[0m[0m resource "aws_route_table_association" "itea-subpub-1-rt" {
      [32m+[0m [0m[1m[0mid[0m[0m             = (known after apply)
      [32m+[0m [0m[1m[0mroute_table_id[0m[0m = (known after apply)
      [32m+[0m [0m[1m[0msubnet_id[0m[0m      = (known after apply)
    }

[1m  # aws_route_table_association.itea-subpub-2-rt[0m will be created[0m[0m
[0m  [32m+[0m[0m resource "aws_route_table_association" "itea-subpub-2-rt" {
      [32m+[0m [0m[1m[0mid[0m[0m             = (known after apply)
      [32m+[0m [0m[1m[0mroute_table_id[0m[0m = (known after apply)
      [32m+[0m [0m[1m[0msubnet_id[0m[0m      = (known after apply)
    }

[1m  # aws_route_table_association.itea-subpub-3-rt[0m will be created[0m[0m
[0m  [32m+[0m[0m resource "aws_route_table_association" "itea-subpub-3-rt" {
      [32m+[0m [0m[1m[0mid[0m[0m             = (known after apply)
      [32m+[0m [0m[1m[0mroute_table_id[0m[0m = (known after apply)
      [32m+[0m [0m[1m[0msubnet_id[0m[0m      = (known after apply)
    }

[1m  # aws_security_group.itea-sg[0m will be created[0m[0m
[0m  [32m+[0m[0m resource "aws_security_group" "itea-sg" {
      [32m+[0m [0m[1m[0marn[0m[0m                    = (known after apply)
      [32m+[0m [0m[1m[0mdescription[0m[0m            = "Managed by Terraform"
      [32m+[0m [0m[1m[0megress[0m[0m                 = [
          [32m+[0m [0m{
              [32m+[0m [0mcidr_blocks      = [
                  [32m+[0m [0m"0.0.0.0/0",
                ]
              [32m+[0m [0mdescription      = ""
              [32m+[0m [0mfrom_port        = 0
              [32m+[0m [0mipv6_cidr_blocks = []
              [32m+[0m [0mprefix_list_ids  = []
              [32m+[0m [0mprotocol         = "-1"
              [32m+[0m [0msecurity_groups  = []
              [32m+[0m [0mself             = false
              [32m+[0m [0mto_port          = 0
            },
        ]
      [32m+[0m [0m[1m[0mid[0m[0m                     = (known after apply)
      [32m+[0m [0m[1m[0mingress[0m[0m                = [
          [32m+[0m [0m{
              [32m+[0m [0mcidr_blocks      = [
                  [32m+[0m [0m"0.0.0.0/0",
                ]
              [32m+[0m [0mdescription      = ""
              [32m+[0m [0mfrom_port        = 22
              [32m+[0m [0mipv6_cidr_blocks = []
              [32m+[0m [0mprefix_list_ids  = []
              [32m+[0m [0mprotocol         = "tcp"
              [32m+[0m [0msecurity_groups  = []
              [32m+[0m [0mself             = false
              [32m+[0m [0mto_port          = 22
            },
          [32m+[0m [0m{
              [32m+[0m [0mcidr_blocks      = [
                  [32m+[0m [0m"0.0.0.0/0",
                ]
              [32m+[0m [0mdescription      = ""
              [32m+[0m [0mfrom_port        = 80
              [32m+[0m [0mipv6_cidr_blocks = []
              [32m+[0m [0mprefix_list_ids  = []
              [32m+[0m [0mprotocol         = "tcp"
              [32m+[0m [0msecurity_groups  = []
              [32m+[0m [0mself             = false
              [32m+[0m [0mto_port          = 80
            },
        ]
      [32m+[0m [0m[1m[0mname[0m[0m                   = "allow_http and ssh"
      [32m+[0m [0m[1m[0mname_prefix[0m[0m            = (known after apply)
      [32m+[0m [0m[1m[0mowner_id[0m[0m               = (known after apply)
      [32m+[0m [0m[1m[0mrevoke_rules_on_delete[0m[0m = false
      [32m+[0m [0m[1m[0mtags[0m[0m                   = {
          [32m+[0m [0m"Name" = "Sec.group for 80 22"
        }
      [32m+[0m [0m[1m[0mvpc_id[0m[0m                 = (known after apply)
    }

[1m  # aws_subnet.itea-subpub1[0m will be created[0m[0m
[0m  [32m+[0m[0m resource "aws_subnet" "itea-subpub1" {
      [32m+[0m [0m[1m[0marn[0m[0m                             = (known after apply)
      [32m+[0m [0m[1m[0massign_ipv6_address_on_creation[0m[0m = false
      [32m+[0m [0m[1m[0mavailability_zone[0m[0m               = "eu-west-2a"
      [32m+[0m [0m[1m[0mavailability_zone_id[0m[0m            = (known after apply)
      [32m+[0m [0m[1m[0mcidr_block[0m[0m                      = "10.0.0.0/24"
      [32m+[0m [0m[1m[0mid[0m[0m                              = (known after apply)
      [32m+[0m [0m[1m[0mipv6_cidr_block_association_id[0m[0m  = (known after apply)
      [32m+[0m [0m[1m[0mmap_public_ip_on_launch[0m[0m         = true
      [32m+[0m [0m[1m[0mowner_id[0m[0m                        = (known after apply)
      [32m+[0m [0m[1m[0mtags[0m[0m                            = {
          [32m+[0m [0m"Name" = "Public subnet 1"
        }
      [32m+[0m [0m[1m[0mvpc_id[0m[0m                          = (known after apply)
    }

[1m  # aws_subnet.itea-subpub2[0m will be created[0m[0m
[0m  [32m+[0m[0m resource "aws_subnet" "itea-subpub2" {
      [32m+[0m [0m[1m[0marn[0m[0m                             = (known after apply)
      [32m+[0m [0m[1m[0massign_ipv6_address_on_creation[0m[0m = false
      [32m+[0m [0m[1m[0mavailability_zone[0m[0m               = "eu-west-2b"
      [32m+[0m [0m[1m[0mavailability_zone_id[0m[0m            = (known after apply)
      [32m+[0m [0m[1m[0mcidr_block[0m[0m                      = "10.0.1.0/24"
      [32m+[0m [0m[1m[0mid[0m[0m                              = (known after apply)
      [32m+[0m [0m[1m[0mipv6_cidr_block_association_id[0m[0m  = (known after apply)
      [32m+[0m [0m[1m[0mmap_public_ip_on_launch[0m[0m         = true
      [32m+[0m [0m[1m[0mowner_id[0m[0m                        = (known after apply)
      [32m+[0m [0m[1m[0mtags[0m[0m                            = {
          [32m+[0m [0m"Name" = "Public subnet 2"
        }
      [32m+[0m [0m[1m[0mvpc_id[0m[0m                          = (known after apply)
    }

[1m  # aws_subnet.itea-subpub3[0m will be created[0m[0m
[0m  [32m+[0m[0m resource "aws_subnet" "itea-subpub3" {
      [32m+[0m [0m[1m[0marn[0m[0m                             = (known after apply)
      [32m+[0m [0m[1m[0massign_ipv6_address_on_creation[0m[0m = false
      [32m+[0m [0m[1m[0mavailability_zone[0m[0m               = "eu-west-2c"
      [32m+[0m [0m[1m[0mavailability_zone_id[0m[0m            = (known after apply)
      [32m+[0m [0m[1m[0mcidr_block[0m[0m                      = "10.0.2.0/24"
      [32m+[0m [0m[1m[0mid[0m[0m                              = (known after apply)
      [32m+[0m [0m[1m[0mipv6_cidr_block_association_id[0m[0m  = (known after apply)
      [32m+[0m [0m[1m[0mmap_public_ip_on_launch[0m[0m         = true
      [32m+[0m [0m[1m[0mowner_id[0m[0m                        = (known after apply)
      [32m+[0m [0m[1m[0mtags[0m[0m                            = {
          [32m+[0m [0m"Name" = "Public subnet 3"
        }
      [32m+[0m [0m[1m[0mvpc_id[0m[0m                          = (known after apply)
    }

[1m  # aws_vpc.itea-vpc[0m will be created[0m[0m
[0m  [32m+[0m[0m resource "aws_vpc" "itea-vpc" {
      [32m+[0m [0m[1m[0marn[0m[0m                              = (known after apply)
      [32m+[0m [0m[1m[0massign_generated_ipv6_cidr_block[0m[0m = false
      [32m+[0m [0m[1m[0mcidr_block[0m[0m                       = "10.0.0.0/16"
      [32m+[0m [0m[1m[0mdefault_network_acl_id[0m[0m           = (known after apply)
      [32m+[0m [0m[1m[0mdefault_route_table_id[0m[0m           = (known after apply)
      [32m+[0m [0m[1m[0mdefault_security_group_id[0m[0m        = (known after apply)
      [32m+[0m [0m[1m[0mdhcp_options_id[0m[0m                  = (known after apply)
      [32m+[0m [0m[1m[0menable_classiclink[0m[0m               = false
      [32m+[0m [0m[1m[0menable_classiclink_dns_support[0m[0m   = (known after apply)
      [32m+[0m [0m[1m[0menable_dns_hostnames[0m[0m             = true
      [32m+[0m [0m[1m[0menable_dns_support[0m[0m               = true
      [32m+[0m [0m[1m[0mid[0m[0m                               = (known after apply)
      [32m+[0m [0m[1m[0minstance_tenancy[0m[0m                 = "default"
      [32m+[0m [0m[1m[0mipv6_association_id[0m[0m              = (known after apply)
      [32m+[0m [0m[1m[0mipv6_cidr_block[0m[0m                  = (known after apply)
      [32m+[0m [0m[1m[0mmain_route_table_id[0m[0m              = (known after apply)
      [32m+[0m [0m[1m[0mowner_id[0m[0m                         = (known after apply)
      [32m+[0m [0m[1m[0mtags[0m[0m                             = {
          [32m+[0m [0m"Name" = "itea-vpc"
        }
    }

[1m  # module.itea-cluster.data.template_file.userdata[0][0m will be read during apply
  # (config refers to values not yet known)[0m[0m
[0m [36m<=[0m[0m data "template_file" "userdata"  {
      [32m+[0m [0m[1m[0mid[0m[0m       = (known after apply)
      [32m+[0m [0m[1m[0mrendered[0m[0m = (known after apply)
      [32m+[0m [0m[1m[0mtemplate[0m[0m = <<-EOT
            #!/bin/bash -e
            
            # Allow user supplied pre userdata code
            ${pre_userdata}
            
            # Bootstrap and join the cluster
            /etc/eks/bootstrap.sh --b64-cluster-ca '${cluster_auth_base64}' --apiserver-endpoint '${endpoint}' ${bootstrap_extra_args} --kubelet-extra-args "${kubelet_extra_args}" '${cluster_name}'
            
            # Allow user supplied userdata code
            ${additional_userdata}
        EOT
      [32m+[0m [0m[1m[0mvars[0m[0m     = {
          [32m+[0m [0m"additional_userdata"  = ""
          [32m+[0m [0m"bootstrap_extra_args" = ""
          [32m+[0m [0m"cluster_auth_base64"  = (known after apply)
          [32m+[0m [0m"cluster_name"         = "itea-cluster"
          [32m+[0m [0m"endpoint"             = (known after apply)
          [32m+[0m [0m"kubelet_extra_args"   = ""
          [32m+[0m [0m"platform"             = "linux"
          [32m+[0m [0m"pre_userdata"         = ""
        }
    }

[1m  # module.itea-cluster.data.template_file.userdata[1][0m will be read during apply
  # (config refers to values not yet known)[0m[0m
[0m [36m<=[0m[0m data "template_file" "userdata"  {
      [32m+[0m [0m[1m[0mid[0m[0m       = (known after apply)
      [32m+[0m [0m[1m[0mrendered[0m[0m = (known after apply)
      [32m+[0m [0m[1m[0mtemplate[0m[0m = <<-EOT
            #!/bin/bash -e
            
            # Allow user supplied pre userdata code
            ${pre_userdata}
            
            # Bootstrap and join the cluster
            /etc/eks/bootstrap.sh --b64-cluster-ca '${cluster_auth_base64}' --apiserver-endpoint '${endpoint}' ${bootstrap_extra_args} --kubelet-extra-args "${kubelet_extra_args}" '${cluster_name}'
            
            # Allow user supplied userdata code
            ${additional_userdata}
        EOT
      [32m+[0m [0m[1m[0mvars[0m[0m     = {
          [32m+[0m [0m"additional_userdata"  = ""
          [32m+[0m [0m"bootstrap_extra_args" = ""
          [32m+[0m [0m"cluster_auth_base64"  = (known after apply)
          [32m+[0m [0m"cluster_name"         = "itea-cluster"
          [32m+[0m [0m"endpoint"             = (known after apply)
          [32m+[0m [0m"kubelet_extra_args"   = ""
          [32m+[0m [0m"platform"             = "linux"
          [32m+[0m [0m"pre_userdata"         = ""
        }
    }

[1m  # module.itea-cluster.aws_autoscaling_group.workers[0][0m will be created[0m[0m
[0m  [32m+[0m[0m resource "aws_autoscaling_group" "workers" {
      [32m+[0m [0m[1m[0marn[0m[0m                       = (known after apply)
      [32m+[0m [0m[1m[0mavailability_zones[0m[0m        = (known after apply)
      [32m+[0m [0m[1m[0mdefault_cooldown[0m[0m          = (known after apply)
      [32m+[0m [0m[1m[0mdesired_capacity[0m[0m          = 2
      [32m+[0m [0m[1m[0mforce_delete[0m[0m              = false
      [32m+[0m [0m[1m[0mhealth_check_grace_period[0m[0m = 300
      [32m+[0m [0m[1m[0mhealth_check_type[0m[0m         = (known after apply)
      [32m+[0m [0m[1m[0mid[0m[0m                        = (known after apply)
      [32m+[0m [0m[1m[0mlaunch_configuration[0m[0m      = (known after apply)
      [32m+[0m [0m[1m[0mmax_instance_lifetime[0m[0m     = 0
      [32m+[0m [0m[1m[0mmax_size[0m[0m                  = 3
      [32m+[0m [0m[1m[0mmetrics_granularity[0m[0m       = "1Minute"
      [32m+[0m [0m[1m[0mmin_size[0m[0m                  = 1
      [32m+[0m [0m[1m[0mname[0m[0m                      = (known after apply)
      [32m+[0m [0m[1m[0mname_prefix[0m[0m               = "itea-cluster-worker-1"
      [32m+[0m [0m[1m[0mprotect_from_scale_in[0m[0m     = false
      [32m+[0m [0m[1m[0mservice_linked_role_arn[0m[0m   = (known after apply)
      [32m+[0m [0m[1m[0msuspended_processes[0m[0m       = [
          [32m+[0m [0m"AZRebalance",
        ]
      [32m+[0m [0m[1m[0mtermination_policies[0m[0m      = []
      [32m+[0m [0m[1m[0mvpc_zone_identifier[0m[0m       = (known after apply)
      [32m+[0m [0m[1m[0mwait_for_capacity_timeout[0m[0m = "10m"

      [32m+[0m [0mtag {
          [32m+[0m [0m[1m[0mkey[0m[0m                 = "Name"
          [32m+[0m [0m[1m[0mpropagate_at_launch[0m[0m = true
          [32m+[0m [0m[1m[0mvalue[0m[0m               = "itea-cluster-worker-1-eks_asg"
        }
      [32m+[0m [0mtag {
          [32m+[0m [0m[1m[0mkey[0m[0m                 = "k8s.io/cluster/itea-cluster"
          [32m+[0m [0m[1m[0mpropagate_at_launch[0m[0m = true
          [32m+[0m [0m[1m[0mvalue[0m[0m               = "owned"
        }
      [32m+[0m [0mtag {
          [32m+[0m [0m[1m[0mkey[0m[0m                 = "kubernetes.io/cluster/itea-cluster"
          [32m+[0m [0m[1m[0mpropagate_at_launch[0m[0m = true
          [32m+[0m [0m[1m[0mvalue[0m[0m               = "owned"
        }
    }

[1m  # module.itea-cluster.aws_autoscaling_group.workers[1][0m will be created[0m[0m
[0m  [32m+[0m[0m resource "aws_autoscaling_group" "workers" {
      [32m+[0m [0m[1m[0marn[0m[0m                       = (known after apply)
      [32m+[0m [0m[1m[0mavailability_zones[0m[0m        = (known after apply)
      [32m+[0m [0m[1m[0mdefault_cooldown[0m[0m          = (known after apply)
      [32m+[0m [0m[1m[0mdesired_capacity[0m[0m          = 1
      [32m+[0m [0m[1m[0mforce_delete[0m[0m              = false
      [32m+[0m [0m[1m[0mhealth_check_grace_period[0m[0m = 300
      [32m+[0m [0m[1m[0mhealth_check_type[0m[0m         = (known after apply)
      [32m+[0m [0m[1m[0mid[0m[0m                        = (known after apply)
      [32m+[0m [0m[1m[0mlaunch_configuration[0m[0m      = (known after apply)
      [32m+[0m [0m[1m[0mmax_instance_lifetime[0m[0m     = 0
      [32m+[0m [0m[1m[0mmax_size[0m[0m                  = 3
      [32m+[0m [0m[1m[0mmetrics_granularity[0m[0m       = "1Minute"
      [32m+[0m [0m[1m[0mmin_size[0m[0m                  = 1
      [32m+[0m [0m[1m[0mname[0m[0m                      = (known after apply)
      [32m+[0m [0m[1m[0mname_prefix[0m[0m               = "itea-cluster-worker-2"
      [32m+[0m [0m[1m[0mprotect_from_scale_in[0m[0m     = false
      [32m+[0m [0m[1m[0mservice_linked_role_arn[0m[0m   = (known after apply)
      [32m+[0m [0m[1m[0msuspended_processes[0m[0m       = [
          [32m+[0m [0m"AZRebalance",
        ]
      [32m+[0m [0m[1m[0mtermination_policies[0m[0m      = []
      [32m+[0m [0m[1m[0mvpc_zone_identifier[0m[0m       = (known after apply)
      [32m+[0m [0m[1m[0mwait_for_capacity_timeout[0m[0m = "10m"

      [32m+[0m [0mtag {
          [32m+[0m [0m[1m[0mkey[0m[0m                 = "Name"
          [32m+[0m [0m[1m[0mpropagate_at_launch[0m[0m = true
          [32m+[0m [0m[1m[0mvalue[0m[0m               = "itea-cluster-worker-2-eks_asg"
        }
      [32m+[0m [0mtag {
          [32m+[0m [0m[1m[0mkey[0m[0m                 = "k8s.io/cluster/itea-cluster"
          [32m+[0m [0m[1m[0mpropagate_at_launch[0m[0m = true
          [32m+[0m [0m[1m[0mvalue[0m[0m               = "owned"
        }
      [32m+[0m [0mtag {
          [32m+[0m [0m[1m[0mkey[0m[0m                 = "kubernetes.io/cluster/itea-cluster"
          [32m+[0m [0m[1m[0mpropagate_at_launch[0m[0m = true
          [32m+[0m [0m[1m[0mvalue[0m[0m               = "owned"
        }
    }

[1m  # module.itea-cluster.aws_eks_cluster.this[0][0m will be created[0m[0m
[0m  [32m+[0m[0m resource "aws_eks_cluster" "this" {
      [32m+[0m [0m[1m[0marn[0m[0m                   = (known after apply)
      [32m+[0m [0m[1m[0mcertificate_authority[0m[0m = (known after apply)
      [32m+[0m [0m[1m[0mcreated_at[0m[0m            = (known after apply)
      [32m+[0m [0m[1m[0mendpoint[0m[0m              = (known after apply)
      [32m+[0m [0m[1m[0mid[0m[0m                    = (known after apply)
      [32m+[0m [0m[1m[0midentity[0m[0m              = (known after apply)
      [32m+[0m [0m[1m[0mname[0m[0m                  = "itea-cluster"
      [32m+[0m [0m[1m[0mplatform_version[0m[0m      = (known after apply)
      [32m+[0m [0m[1m[0mrole_arn[0m[0m              = (known after apply)
      [32m+[0m [0m[1m[0mstatus[0m[0m                = (known after apply)
      [32m+[0m [0m[1m[0mversion[0m[0m               = "1.18"

      [32m+[0m [0mkubernetes_network_config {
          [32m+[0m [0m[1m[0mservice_ipv4_cidr[0m[0m = (known after apply)
        }

      [32m+[0m [0mtimeouts {
          [32m+[0m [0m[1m[0mcreate[0m[0m = "30m"
          [32m+[0m [0m[1m[0mdelete[0m[0m = "15m"
        }

      [32m+[0m [0mvpc_config {
          [32m+[0m [0m[1m[0mcluster_security_group_id[0m[0m = (known after apply)
          [32m+[0m [0m[1m[0mendpoint_private_access[0m[0m   = false
          [32m+[0m [0m[1m[0mendpoint_public_access[0m[0m    = true
          [32m+[0m [0m[1m[0mpublic_access_cidrs[0m[0m       = [
              [32m+[0m [0m"0.0.0.0/0",
            ]
          [32m+[0m [0m[1m[0msecurity_group_ids[0m[0m        = (known after apply)
          [32m+[0m [0m[1m[0msubnet_ids[0m[0m                = (known after apply)
          [32m+[0m [0m[1m[0mvpc_id[0m[0m                    = (known after apply)
        }
    }

[1m  # module.itea-cluster.aws_iam_instance_profile.workers[0][0m will be created[0m[0m
[0m  [32m+[0m[0m resource "aws_iam_instance_profile" "workers" {
      [32m+[0m [0m[1m[0marn[0m[0m         = (known after apply)
      [32m+[0m [0m[1m[0mcreate_date[0m[0m = (known after apply)
      [32m+[0m [0m[1m[0mid[0m[0m          = (known after apply)
      [32m+[0m [0m[1m[0mname[0m[0m        = (known after apply)
      [32m+[0m [0m[1m[0mname_prefix[0m[0m = "itea-cluster"
      [32m+[0m [0m[1m[0mpath[0m[0m        = "/"
      [32m+[0m [0m[1m[0mrole[0m[0m        = (known after apply)
      [32m+[0m [0m[1m[0munique_id[0m[0m   = (known after apply)
    }

[1m  # module.itea-cluster.aws_iam_instance_profile.workers[1][0m will be created[0m[0m
[0m  [32m+[0m[0m resource "aws_iam_instance_profile" "workers" {
      [32m+[0m [0m[1m[0marn[0m[0m         = (known after apply)
      [32m+[0m [0m[1m[0mcreate_date[0m[0m = (known after apply)
      [32m+[0m [0m[1m[0mid[0m[0m          = (known after apply)
      [32m+[0m [0m[1m[0mname[0m[0m        = (known after apply)
      [32m+[0m [0m[1m[0mname_prefix[0m[0m = "itea-cluster"
      [32m+[0m [0m[1m[0mpath[0m[0m        = "/"
      [32m+[0m [0m[1m[0mrole[0m[0m        = (known after apply)
      [32m+[0m [0m[1m[0munique_id[0m[0m   = (known after apply)
    }

[1m  # module.itea-cluster.aws_iam_policy.cluster_elb_sl_role_creation[0][0m will be created[0m[0m
[0m  [32m+[0m[0m resource "aws_iam_policy" "cluster_elb_sl_role_creation" {
      [32m+[0m [0m[1m[0marn[0m[0m         = (known after apply)
      [32m+[0m [0m[1m[0mdescription[0m[0m = "Permissions for EKS to create AWSServiceRoleForElasticLoadBalancing service-linked role"
      [32m+[0m [0m[1m[0mid[0m[0m          = (known after apply)
      [32m+[0m [0m[1m[0mname[0m[0m        = (known after apply)
      [32m+[0m [0m[1m[0mname_prefix[0m[0m = "itea-cluster-elb-sl-role-creation"
      [32m+[0m [0m[1m[0mpath[0m[0m        = "/"
      [32m+[0m [0m[1m[0mpolicy[0m[0m      = jsonencode(
            {
              [32m+[0m [0mStatement = [
                  [32m+[0m [0m{
                      [32m+[0m [0mAction   = [
                          [32m+[0m [0m"ec2:DescribeInternetGateways",
                          [32m+[0m [0m"ec2:DescribeAccountAttributes",
                        ]
                      [32m+[0m [0mEffect   = "Allow"
                      [32m+[0m [0mResource = "*"
                      [32m+[0m [0mSid      = ""
                    },
                ]
              [32m+[0m [0mVersion   = "2012-10-17"
            }
        )
    }

[1m  # module.itea-cluster.aws_iam_role.cluster[0][0m will be created[0m[0m
[0m  [32m+[0m[0m resource "aws_iam_role" "cluster" {
      [32m+[0m [0m[1m[0marn[0m[0m                   = (known after apply)
      [32m+[0m [0m[1m[0massume_role_policy[0m[0m    = jsonencode(
            {
              [32m+[0m [0mStatement = [
                  [32m+[0m [0m{
                      [32m+[0m [0mAction    = "sts:AssumeRole"
                      [32m+[0m [0mEffect    = "Allow"
                      [32m+[0m [0mPrincipal = {
                          [32m+[0m [0mService = "eks.amazonaws.com"
                        }
                      [32m+[0m [0mSid       = "EKSClusterAssumeRole"
                    },
                ]
              [32m+[0m [0mVersion   = "2012-10-17"
            }
        )
      [32m+[0m [0m[1m[0mcreate_date[0m[0m           = (known after apply)
      [32m+[0m [0m[1m[0mforce_detach_policies[0m[0m = true
      [32m+[0m [0m[1m[0mid[0m[0m                    = (known after apply)
      [32m+[0m [0m[1m[0mmax_session_duration[0m[0m  = 3600
      [32m+[0m [0m[1m[0mname[0m[0m                  = (known after apply)
      [32m+[0m [0m[1m[0mname_prefix[0m[0m           = "itea-cluster"
      [32m+[0m [0m[1m[0mpath[0m[0m                  = "/"
      [32m+[0m [0m[1m[0munique_id[0m[0m             = (known after apply)
    }

[1m  # module.itea-cluster.aws_iam_role.workers[0][0m will be created[0m[0m
[0m  [32m+[0m[0m resource "aws_iam_role" "workers" {
      [32m+[0m [0m[1m[0marn[0m[0m                   = (known after apply)
      [32m+[0m [0m[1m[0massume_role_policy[0m[0m    = jsonencode(
            {
              [32m+[0m [0mStatement = [
                  [32m+[0m [0m{
                      [32m+[0m [0mAction    = "sts:AssumeRole"
                      [32m+[0m [0mEffect    = "Allow"
                      [32m+[0m [0mPrincipal = {
                          [32m+[0m [0mService = "ec2.amazonaws.com"
                        }
                      [32m+[0m [0mSid       = "EKSWorkerAssumeRole"
                    },
                ]
              [32m+[0m [0mVersion   = "2012-10-17"
            }
        )
      [32m+[0m [0m[1m[0mcreate_date[0m[0m           = (known after apply)
      [32m+[0m [0m[1m[0mforce_detach_policies[0m[0m = true
      [32m+[0m [0m[1m[0mid[0m[0m                    = (known after apply)
      [32m+[0m [0m[1m[0mmax_session_duration[0m[0m  = 3600
      [32m+[0m [0m[1m[0mname[0m[0m                  = (known after apply)
      [32m+[0m [0m[1m[0mname_prefix[0m[0m           = "itea-cluster"
      [32m+[0m [0m[1m[0mpath[0m[0m                  = "/"
      [32m+[0m [0m[1m[0munique_id[0m[0m             = (known after apply)
    }

[1m  # module.itea-cluster.aws_iam_role_policy_attachment.cluster_AmazonEKSClusterPolicy[0][0m will be created[0m[0m
[0m  [32m+[0m[0m resource "aws_iam_role_policy_attachment" "cluster_AmazonEKSClusterPolicy" {
      [32m+[0m [0m[1m[0mid[0m[0m         = (known after apply)
      [32m+[0m [0m[1m[0mpolicy_arn[0m[0m = "arn:aws:iam::aws:policy/AmazonEKSClusterPolicy"
      [32m+[0m [0m[1m[0mrole[0m[0m       = (known after apply)
    }

[1m  # module.itea-cluster.aws_iam_role_policy_attachment.cluster_AmazonEKSServicePolicy[0][0m will be created[0m[0m
[0m  [32m+[0m[0m resource "aws_iam_role_policy_attachment" "cluster_AmazonEKSServicePolicy" {
      [32m+[0m [0m[1m[0mid[0m[0m         = (known after apply)
      [32m+[0m [0m[1m[0mpolicy_arn[0m[0m = "arn:aws:iam::aws:policy/AmazonEKSServicePolicy"
      [32m+[0m [0m[1m[0mrole[0m[0m       = (known after apply)
    }

[1m  # module.itea-cluster.aws_iam_role_policy_attachment.cluster_AmazonEKSVPCResourceControllerPolicy[0][0m will be created[0m[0m
[0m  [32m+[0m[0m resource "aws_iam_role_policy_attachment" "cluster_AmazonEKSVPCResourceControllerPolicy" {
      [32m+[0m [0m[1m[0mid[0m[0m         = (known after apply)
      [32m+[0m [0m[1m[0mpolicy_arn[0m[0m = "arn:aws:iam::aws:policy/AmazonEKSVPCResourceController"
      [32m+[0m [0m[1m[0mrole[0m[0m       = (known after apply)
    }

[1m  # module.itea-cluster.aws_iam_role_policy_attachment.cluster_elb_sl_role_creation[0][0m will be created[0m[0m
[0m  [32m+[0m[0m resource "aws_iam_role_policy_attachment" "cluster_elb_sl_role_creation" {
      [32m+[0m [0m[1m[0mid[0m[0m         = (known after apply)
      [32m+[0m [0m[1m[0mpolicy_arn[0m[0m = (known after apply)
      [32m+[0m [0m[1m[0mrole[0m[0m       = (known after apply)
    }

[1m  # module.itea-cluster.aws_iam_role_policy_attachment.workers_AmazonEC2ContainerRegistryReadOnly[0][0m will be created[0m[0m
[0m  [32m+[0m[0m resource "aws_iam_role_policy_attachment" "workers_AmazonEC2ContainerRegistryReadOnly" {
      [32m+[0m [0m[1m[0mid[0m[0m         = (known after apply)
      [32m+[0m [0m[1m[0mpolicy_arn[0m[0m = "arn:aws:iam::aws:policy/AmazonEC2ContainerRegistryReadOnly"
      [32m+[0m [0m[1m[0mrole[0m[0m       = (known after apply)
    }

[1m  # module.itea-cluster.aws_iam_role_policy_attachment.workers_AmazonEKSWorkerNodePolicy[0][0m will be created[0m[0m
[0m  [32m+[0m[0m resource "aws_iam_role_policy_attachment" "workers_AmazonEKSWorkerNodePolicy" {
      [32m+[0m [0m[1m[0mid[0m[0m         = (known after apply)
      [32m+[0m [0m[1m[0mpolicy_arn[0m[0m = "arn:aws:iam::aws:policy/AmazonEKSWorkerNodePolicy"
      [32m+[0m [0m[1m[0mrole[0m[0m       = (known after apply)
    }

[1m  # module.itea-cluster.aws_iam_role_policy_attachment.workers_AmazonEKS_CNI_Policy[0][0m will be created[0m[0m
[0m  [32m+[0m[0m resource "aws_iam_role_policy_attachment" "workers_AmazonEKS_CNI_Policy" {
      [32m+[0m [0m[1m[0mid[0m[0m         = (known after apply)
      [32m+[0m [0m[1m[0mpolicy_arn[0m[0m = "arn:aws:iam::aws:policy/AmazonEKS_CNI_Policy"
      [32m+[0m [0m[1m[0mrole[0m[0m       = (known after apply)
    }

[1m  # module.itea-cluster.aws_launch_configuration.workers[0][0m will be created[0m[0m
[0m  [32m+[0m[0m resource "aws_launch_configuration" "workers" {
      [32m+[0m [0m[1m[0marn[0m[0m                         = (known after apply)
      [32m+[0m [0m[1m[0massociate_public_ip_address[0m[0m = false
      [32m+[0m [0m[1m[0mebs_optimized[0m[0m               = false
      [32m+[0m [0m[1m[0menable_monitoring[0m[0m           = true
      [32m+[0m [0m[1m[0miam_instance_profile[0m[0m        = (known after apply)
      [32m+[0m [0m[1m[0mid[0m[0m                          = (known after apply)
      [32m+[0m [0m[1m[0mimage_id[0m[0m                    = "ami-08c725c36465acd4e"
      [32m+[0m [0m[1m[0minstance_type[0m[0m               = "t2.micro"
      [32m+[0m [0m[1m[0mkey_name[0m[0m                    = (known after apply)
      [32m+[0m [0m[1m[0mname[0m[0m                        = (known after apply)
      [32m+[0m [0m[1m[0mname_prefix[0m[0m                 = "itea-cluster-worker-1"
      [32m+[0m [0m[1m[0msecurity_groups[0m[0m             = (known after apply)
      [32m+[0m [0m[1m[0muser_data_base64[0m[0m            = (known after apply)

      [32m+[0m [0mebs_block_device {
          [32m+[0m [0m[1m[0mdelete_on_termination[0m[0m = (known after apply)
          [32m+[0m [0m[1m[0mdevice_name[0m[0m           = (known after apply)
          [32m+[0m [0m[1m[0mencrypted[0m[0m             = (known after apply)
          [32m+[0m [0m[1m[0miops[0m[0m                  = (known after apply)
          [32m+[0m [0m[1m[0mno_device[0m[0m             = (known after apply)
          [32m+[0m [0m[1m[0msnapshot_id[0m[0m           = (known after apply)
          [32m+[0m [0m[1m[0mvolume_size[0m[0m           = (known after apply)
          [32m+[0m [0m[1m[0mvolume_type[0m[0m           = (known after apply)
        }

      [32m+[0m [0mmetadata_options {
          [32m+[0m [0m[1m[0mhttp_endpoint[0m[0m               = (known after apply)
          [32m+[0m [0m[1m[0mhttp_put_response_hop_limit[0m[0m = (known after apply)
          [32m+[0m [0m[1m[0mhttp_tokens[0m[0m                 = (known after apply)
        }

      [32m+[0m [0mroot_block_device {
          [32m+[0m [0m[1m[0mdelete_on_termination[0m[0m = true
          [32m+[0m [0m[1m[0mencrypted[0m[0m             = false
          [32m+[0m [0m[1m[0miops[0m[0m                  = 0
          [32m+[0m [0m[1m[0mvolume_size[0m[0m           = 100
          [32m+[0m [0m[1m[0mvolume_type[0m[0m           = "gp2"
        }
    }

[1m  # module.itea-cluster.aws_launch_configuration.workers[1][0m will be created[0m[0m
[0m  [32m+[0m[0m resource "aws_launch_configuration" "workers" {
      [32m+[0m [0m[1m[0marn[0m[0m                         = (known after apply)
      [32m+[0m [0m[1m[0massociate_public_ip_address[0m[0m = false
      [32m+[0m [0m[1m[0mebs_optimized[0m[0m               = false
      [32m+[0m [0m[1m[0menable_monitoring[0m[0m           = true
      [32m+[0m [0m[1m[0miam_instance_profile[0m[0m        = (known after apply)
      [32m+[0m [0m[1m[0mid[0m[0m                          = (known after apply)
      [32m+[0m [0m[1m[0mimage_id[0m[0m                    = "ami-08c725c36465acd4e"
      [32m+[0m [0m[1m[0minstance_type[0m[0m               = "t2.micro"
      [32m+[0m [0m[1m[0mkey_name[0m[0m                    = (known after apply)
      [32m+[0m [0m[1m[0mname[0m[0m                        = (known after apply)
      [32m+[0m [0m[1m[0mname_prefix[0m[0m                 = "itea-cluster-worker-2"
      [32m+[0m [0m[1m[0msecurity_groups[0m[0m             = (known after apply)
      [32m+[0m [0m[1m[0muser_data_base64[0m[0m            = (known after apply)

      [32m+[0m [0mebs_block_device {
          [32m+[0m [0m[1m[0mdelete_on_termination[0m[0m = (known after apply)
          [32m+[0m [0m[1m[0mdevice_name[0m[0m           = (known after apply)
          [32m+[0m [0m[1m[0mencrypted[0m[0m             = (known after apply)
          [32m+[0m [0m[1m[0miops[0m[0m                  = (known after apply)
          [32m+[0m [0m[1m[0mno_device[0m[0m             = (known after apply)
          [32m+[0m [0m[1m[0msnapshot_id[0m[0m           = (known after apply)
          [32m+[0m [0m[1m[0mvolume_size[0m[0m           = (known after apply)
          [32m+[0m [0m[1m[0mvolume_type[0m[0m           = (known after apply)
        }

      [32m+[0m [0mmetadata_options {
          [32m+[0m [0m[1m[0mhttp_endpoint[0m[0m               = (known after apply)
          [32m+[0m [0m[1m[0mhttp_put_response_hop_limit[0m[0m = (known after apply)
          [32m+[0m [0m[1m[0mhttp_tokens[0m[0m                 = (known after apply)
        }

      [32m+[0m [0mroot_block_device {
          [32m+[0m [0m[1m[0mdelete_on_termination[0m[0m = true
          [32m+[0m [0m[1m[0mencrypted[0m[0m             = false
          [32m+[0m [0m[1m[0miops[0m[0m                  = 0
          [32m+[0m [0m[1m[0mvolume_size[0m[0m           = 100
          [32m+[0m [0m[1m[0mvolume_type[0m[0m           = "gp2"
        }
    }

[1m  # module.itea-cluster.aws_security_group.cluster[0][0m will be created[0m[0m
[0m  [32m+[0m[0m resource "aws_security_group" "cluster" {
      [32m+[0m [0m[1m[0marn[0m[0m                    = (known after apply)
      [32m+[0m [0m[1m[0mdescription[0m[0m            = "EKS cluster security group."
      [32m+[0m [0m[1m[0megress[0m[0m                 = (known after apply)
      [32m+[0m [0m[1m[0mid[0m[0m                     = (known after apply)
      [32m+[0m [0m[1m[0mingress[0m[0m                = (known after apply)
      [32m+[0m [0m[1m[0mname[0m[0m                   = (known after apply)
      [32m+[0m [0m[1m[0mname_prefix[0m[0m            = "itea-cluster"
      [32m+[0m [0m[1m[0mowner_id[0m[0m               = (known after apply)
      [32m+[0m [0m[1m[0mrevoke_rules_on_delete[0m[0m = false
      [32m+[0m [0m[1m[0mtags[0m[0m                   = {
          [32m+[0m [0m"Name" = "itea-cluster-eks_cluster_sg"
        }
      [32m+[0m [0m[1m[0mvpc_id[0m[0m                 = (known after apply)
    }

[1m  # module.itea-cluster.aws_security_group.workers[0][0m will be created[0m[0m
[0m  [32m+[0m[0m resource "aws_security_group" "workers" {
      [32m+[0m [0m[1m[0marn[0m[0m                    = (known after apply)
      [32m+[0m [0m[1m[0mdescription[0m[0m            = "Security group for all nodes in the cluster."
      [32m+[0m [0m[1m[0megress[0m[0m                 = (known after apply)
      [32m+[0m [0m[1m[0mid[0m[0m                     = (known after apply)
      [32m+[0m [0m[1m[0mingress[0m[0m                = (known after apply)
      [32m+[0m [0m[1m[0mname[0m[0m                   = (known after apply)
      [32m+[0m [0m[1m[0mname_prefix[0m[0m            = "itea-cluster"
      [32m+[0m [0m[1m[0mowner_id[0m[0m               = (known after apply)
      [32m+[0m [0m[1m[0mrevoke_rules_on_delete[0m[0m = false
      [32m+[0m [0m[1m[0mtags[0m[0m                   = {
          [32m+[0m [0m"Name"                               = "itea-cluster-eks_worker_sg"
          [32m+[0m [0m"kubernetes.io/cluster/itea-cluster" = "owned"
        }
      [32m+[0m [0m[1m[0mvpc_id[0m[0m                 = (known after apply)
    }

[1m  # module.itea-cluster.aws_security_group_rule.cluster_egress_internet[0][0m will be created[0m[0m
[0m  [32m+[0m[0m resource "aws_security_group_rule" "cluster_egress_internet" {
      [32m+[0m [0m[1m[0mcidr_blocks[0m[0m              = [
          [32m+[0m [0m"0.0.0.0/0",
        ]
      [32m+[0m [0m[1m[0mdescription[0m[0m              = "Allow cluster egress access to the Internet."
      [32m+[0m [0m[1m[0mfrom_port[0m[0m                = 0
      [32m+[0m [0m[1m[0mid[0m[0m                       = (known after apply)
      [32m+[0m [0m[1m[0mprotocol[0m[0m                 = "-1"
      [32m+[0m [0m[1m[0msecurity_group_id[0m[0m        = (known after apply)
      [32m+[0m [0m[1m[0mself[0m[0m                     = false
      [32m+[0m [0m[1m[0msource_security_group_id[0m[0m = (known after apply)
      [32m+[0m [0m[1m[0mto_port[0m[0m                  = 0
      [32m+[0m [0m[1m[0mtype[0m[0m                     = "egress"
    }

[1m  # module.itea-cluster.aws_security_group_rule.cluster_https_worker_ingress[0][0m will be created[0m[0m
[0m  [32m+[0m[0m resource "aws_security_group_rule" "cluster_https_worker_ingress" {
      [32m+[0m [0m[1m[0mdescription[0m[0m              = "Allow pods to communicate with the EKS cluster API."
      [32m+[0m [0m[1m[0mfrom_port[0m[0m                = 443
      [32m+[0m [0m[1m[0mid[0m[0m                       = (known after apply)
      [32m+[0m [0m[1m[0mprotocol[0m[0m                 = "tcp"
      [32m+[0m [0m[1m[0msecurity_group_id[0m[0m        = (known after apply)
      [32m+[0m [0m[1m[0mself[0m[0m                     = false
      [32m+[0m [0m[1m[0msource_security_group_id[0m[0m = (known after apply)
      [32m+[0m [0m[1m[0mto_port[0m[0m                  = 443
      [32m+[0m [0m[1m[0mtype[0m[0m                     = "ingress"
    }

[1m  # module.itea-cluster.aws_security_group_rule.workers_egress_internet[0][0m will be created[0m[0m
[0m  [32m+[0m[0m resource "aws_security_group_rule" "workers_egress_internet" {
      [32m+[0m [0m[1m[0mcidr_blocks[0m[0m              = [
          [32m+[0m [0m"0.0.0.0/0",
        ]
      [32m+[0m [0m[1m[0mdescription[0m[0m              = "Allow nodes all egress to the Internet."
      [32m+[0m [0m[1m[0mfrom_port[0m[0m                = 0
      [32m+[0m [0m[1m[0mid[0m[0m                       = (known after apply)
      [32m+[0m [0m[1m[0mprotocol[0m[0m                 = "-1"
      [32m+[0m [0m[1m[0msecurity_group_id[0m[0m        = (known after apply)
      [32m+[0m [0m[1m[0mself[0m[0m                     = false
      [32m+[0m [0m[1m[0msource_security_group_id[0m[0m = (known after apply)
      [32m+[0m [0m[1m[0mto_port[0m[0m                  = 0
      [32m+[0m [0m[1m[0mtype[0m[0m                     = "egress"
    }

[1m  # module.itea-cluster.aws_security_group_rule.workers_ingress_cluster[0][0m will be created[0m[0m
[0m  [32m+[0m[0m resource "aws_security_group_rule" "workers_ingress_cluster" {
      [32m+[0m [0m[1m[0mdescription[0m[0m              = "Allow workers pods to receive communication from the cluster control plane."
      [32m+[0m [0m[1m[0mfrom_port[0m[0m                = 1025
      [32m+[0m [0m[1m[0mid[0m[0m                       = (known after apply)
      [32m+[0m [0m[1m[0mprotocol[0m[0m                 = "tcp"
      [32m+[0m [0m[1m[0msecurity_group_id[0m[0m        = (known after apply)
      [32m+[0m [0m[1m[0mself[0m[0m                     = false
      [32m+[0m [0m[1m[0msource_security_group_id[0m[0m = (known after apply)
      [32m+[0m [0m[1m[0mto_port[0m[0m                  = 65535
      [32m+[0m [0m[1m[0mtype[0m[0m                     = "ingress"
    }

[1m  # module.itea-cluster.aws_security_group_rule.workers_ingress_cluster_https[0][0m will be created[0m[0m
[0m  [32m+[0m[0m resource "aws_security_group_rule" "workers_ingress_cluster_https" {
      [32m+[0m [0m[1m[0mdescription[0m[0m              = "Allow pods running extension API servers on port 443 to receive communication from cluster control plane."
      [32m+[0m [0m[1m[0mfrom_port[0m[0m                = 443
      [32m+[0m [0m[1m[0mid[0m[0m                       = (known after apply)
      [32m+[0m [0m[1m[0mprotocol[0m[0m                 = "tcp"
      [32m+[0m [0m[1m[0msecurity_group_id[0m[0m        = (known after apply)
      [32m+[0m [0m[1m[0mself[0m[0m                     = false
      [32m+[0m [0m[1m[0msource_security_group_id[0m[0m = (known after apply)
      [32m+[0m [0m[1m[0mto_port[0m[0m                  = 443
      [32m+[0m [0m[1m[0mtype[0m[0m                     = "ingress"
    }

[1m  # module.itea-cluster.aws_security_group_rule.workers_ingress_self[0][0m will be created[0m[0m
[0m  [32m+[0m[0m resource "aws_security_group_rule" "workers_ingress_self" {
      [32m+[0m [0m[1m[0mdescription[0m[0m              = "Allow node to communicate with each other."
      [32m+[0m [0m[1m[0mfrom_port[0m[0m                = 0
      [32m+[0m [0m[1m[0mid[0m[0m                       = (known after apply)
      [32m+[0m [0m[1m[0mprotocol[0m[0m                 = "-1"
      [32m+[0m [0m[1m[0msecurity_group_id[0m[0m        = (known after apply)
      [32m+[0m [0m[1m[0mself[0m[0m                     = false
      [32m+[0m [0m[1m[0msource_security_group_id[0m[0m = (known after apply)
      [32m+[0m [0m[1m[0mto_port[0m[0m                  = 65535
      [32m+[0m [0m[1m[0mtype[0m[0m                     = "ingress"
    }

[1m  # module.itea-cluster.kubernetes_config_map.aws_auth[0][0m will be created[0m[0m
[0m  [32m+[0m[0m resource "kubernetes_config_map" "aws_auth" {
      [32m+[0m [0m[1m[0mdata[0m[0m = (known after apply)
      [32m+[0m [0m[1m[0mid[0m[0m   = (known after apply)

      [32m+[0m [0mmetadata {
          [32m+[0m [0m[1m[0mgeneration[0m[0m       = (known after apply)
          [32m+[0m [0m[1m[0mlabels[0m[0m           = {
              [32m+[0m [0m"app.kubernetes.io/managed-by" = "Terraform"
              [32m+[0m [0m"terraform.io/module"          = "terraform-aws-modules.eks.aws"
            }
          [32m+[0m [0m[1m[0mname[0m[0m             = "aws-auth"
          [32m+[0m [0m[1m[0mnamespace[0m[0m        = "kube-system"
          [32m+[0m [0m[1m[0mresource_version[0m[0m = (known after apply)
          [32m+[0m [0m[1m[0mself_link[0m[0m        = (known after apply)
          [32m+[0m [0m[1m[0muid[0m[0m              = (known after apply)
        }
    }

[1m  # module.itea-cluster.local_file.kubeconfig[0][0m will be created[0m[0m
[0m  [32m+[0m[0m resource "local_file" "kubeconfig" {
      [32m+[0m [0m[1m[0mcontent[0m[0m              = (known after apply)
      [32m+[0m [0m[1m[0mdirectory_permission[0m[0m = "0755"
      [32m+[0m [0m[1m[0mfile_permission[0m[0m      = "0644"
      [32m+[0m [0m[1m[0mfilename[0m[0m             = "./kubeconfig_itea-cluster"
      [32m+[0m [0m[1m[0mid[0m[0m                   = (known after apply)
    }

[1m  # module.itea-cluster.null_resource.wait_for_cluster[0][0m will be created[0m[0m
[0m  [32m+[0m[0m resource "null_resource" "wait_for_cluster" {
      [32m+[0m [0m[1m[0mid[0m[0m = (known after apply)
    }

[1m  # module.itea-cluster.random_pet.workers[0][0m will be created[0m[0m
[0m  [32m+[0m[0m resource "random_pet" "workers" {
      [32m+[0m [0m[1m[0mid[0m[0m        = (known after apply)
      [32m+[0m [0m[1m[0mkeepers[0m[0m   = (known after apply)
      [32m+[0m [0m[1m[0mlength[0m[0m    = 2
      [32m+[0m [0m[1m[0mseparator[0m[0m = "-"
    }

[1m  # module.itea-cluster.random_pet.workers[1][0m will be created[0m[0m
[0m  [32m+[0m[0m resource "random_pet" "workers" {
      [32m+[0m [0m[1m[0mid[0m[0m        = (known after apply)
      [32m+[0m [0m[1m[0mkeepers[0m[0m   = (known after apply)
      [32m+[0m [0m[1m[0mlength[0m[0m    = 2
      [32m+[0m [0m[1m[0mseparator[0m[0m = "-"
    }

[0m[1mPlan:[0m 41 to add, 0 to change, 0 to destroy.[0m
[0m
[1mChanges to Outputs:[0m
  [32m+[0m [0m[1m[0mec2_endpoint[0m[0m                          = (known after apply)
  [32m+[0m [0m[1m[0meks_endpoint[0m[0m                          = (known after apply)
  [32m+[0m [0m[1m[0mkubeconfig-certificate-authority-data[0m[0m = (known after apply)[0m
[0m[1m
Do you want to perform these actions in workspace "devops-adv"?[0m
  Terraform will perform the actions described above.
  Only 'yes' will be accepted to approve.

  [1mEnter a value:[0m [0m
[0m[1maws_vpc.itea-vpc: Creating...[0m[0m
[0m[1mmodule.itea-cluster.aws_iam_role.cluster[0]: Creating...[0m[0m
[0m[1mmodule.itea-cluster.aws_iam_role.cluster[0]: Creation complete after 0s [id=itea-cluster20210219130224236800000002][0m[0m
[0m[1mmodule.itea-cluster.aws_iam_role_policy_attachment.cluster_AmazonEKSServicePolicy[0]: Creating...[0m[0m
[0m[1mmodule.itea-cluster.aws_iam_role_policy_attachment.cluster_AmazonEKSClusterPolicy[0]: Creating...[0m[0m
[0m[1mmodule.itea-cluster.aws_iam_role_policy_attachment.cluster_AmazonEKSVPCResourceControllerPolicy[0]: Creating...[0m[0m
[0m[1mmodule.itea-cluster.aws_iam_policy.cluster_elb_sl_role_creation[0]: Creation complete after 0s [id=arn:aws:iam::618388817220:policy/itea-cluster-elb-sl-role-creation20210219130224231600000001][0m[0m
[0m[1mmodule.itea-cluster.aws_iam_role_policy_attachment.cluster_elb_sl_role_creation[0]: Creating...[0m[0m
[0m[1mmodule.itea-cluster.aws_iam_role_policy_attachment.cluster_AmazonEKSClusterPolicy[0]: Creation complete after 0s [id=itea-cluster20210219130224236800000002-20210219130224408300000003][0m[0m
[0m[1mmodule.itea-cluster.aws_iam_role_policy_attachment.cluster_elb_sl_role_creation[0]: Creation complete after 0s [id=itea-cluster20210219130224236800000002-20210219130224410700000004][0m[0m
[0m[1mmodule.itea-cluster.aws_iam_role_policy_attachment.cluster_AmazonEKSVPCResourceControllerPolicy[0]: Creation complete after 0s [id=itea-cluster20210219130224236800000002-20210219130224419400000005][0m[0m
[0m[1mmodule.itea-cluster.aws_iam_role_policy_attachment.cluster_AmazonEKSServicePolicy[0]: Creation complete after 0s [id=itea-cluster20210219130224236800000002-20210219130224424500000006][0m[0m
[0m[1maws_vpc.itea-vpc: Creation complete after 5s [id=vpc-0122025113e66f9b1][0m[0m
[0m[1maws_subnet.itea-subpub2: Creating...[0m[0m
[0m[1maws_internet_gateway.itea-igw: Creating...[0m[0m
[0m[1maws_subnet.itea-subpub3: Creating...[0m[0m
[0m[1maws_security_group.itea-sg: Creating...[0m[0m
[0m[1mmodule.itea-cluster.aws_security_group.cluster[0]: Creating...[0m[0m
[0m[1mmodule.itea-cluster.aws_security_group.workers[0]: Creating...[0m[0m
[0m[1maws_subnet.itea-subpub1: Creating...[0m[0m
[0m[1maws_internet_gateway.itea-igw: Creation complete after 2s [id=igw-00fb2b2a272641f47][0m[0m
[0m[1maws_route_table.itea-rt: Creating...[0m[0m
[0m[1mmodule.itea-cluster.aws_security_group.cluster[0]: Creation complete after 2s [id=sg-0c86f355f828a8224][0m[0m
[0m[1mmodule.itea-cluster.aws_security_group_rule.cluster_egress_internet[0]: Creating...[0m[0m
[0m[1mmodule.itea-cluster.aws_security_group.workers[0]: Creation complete after 2s [id=sg-036272a7a63365f19][0m[0m
[0m[1mmodule.itea-cluster.aws_security_group_rule.workers_ingress_cluster[0]: Creating...[0m[0m
[0m[1mmodule.itea-cluster.aws_security_group_rule.workers_egress_internet[0]: Creating...[0m[0m
[0m[1mmodule.itea-cluster.aws_security_group_rule.cluster_https_worker_ingress[0]: Creating...[0m[0m
[0m[1mmodule.itea-cluster.aws_security_group_rule.workers_ingress_cluster_https[0]: Creating...[0m[0m
[0m[1maws_security_group.itea-sg: Creation complete after 3s [id=sg-0e5655f0510436e4c][0m[0m
[0m[1mmodule.itea-cluster.aws_security_group_rule.workers_ingress_self[0]: Creating...[0m[0m
[0m[1maws_route_table.itea-rt: Creation complete after 1s [id=rtb-09239be3bb3be2e49][0m[0m
[0m[1mmodule.itea-cluster.aws_security_group_rule.cluster_egress_internet[0]: Creation complete after 2s [id=sgrule-2122963036][0m[0m
[0m[1mmodule.itea-cluster.aws_security_group_rule.workers_ingress_cluster[0]: Creation complete after 2s [id=sgrule-2674933514][0m[0m
[0m[1mmodule.itea-cluster.aws_security_group_rule.workers_egress_internet[0]: Creation complete after 3s [id=sgrule-1367081545][0m[0m
[0m[1mmodule.itea-cluster.aws_security_group_rule.cluster_https_worker_ingress[0]: Creation complete after 3s [id=sgrule-389606960][0m[0m
[0m[1mmodule.itea-cluster.aws_security_group_rule.workers_ingress_cluster_https[0]: Creation complete after 4s [id=sgrule-768314140][0m[0m
[0m[1mmodule.itea-cluster.aws_security_group_rule.workers_ingress_self[0]: Creation complete after 4s [id=sgrule-3650734498][0m[0m
[0m[1maws_subnet.itea-subpub2: Still creating... [10s elapsed][0m[0m
[0m[1maws_subnet.itea-subpub3: Still creating... [10s elapsed][0m[0m
[0m[1maws_subnet.itea-subpub1: Still creating... [10s elapsed][0m[0m
[0m[1maws_subnet.itea-subpub1: Creation complete after 12s [id=subnet-06b7f06dbf7909d0d][0m[0m
[0m[1maws_route_table_association.itea-subpub-1-rt: Creating...[0m[0m
[0m[1maws_subnet.itea-subpub3: Creation complete after 12s [id=subnet-0550106b5dace4a22][0m[0m
[0m[1maws_route_table_association.itea-subpub-3-rt: Creating...[0m[0m
[0m[1maws_subnet.itea-subpub2: Creation complete after 12s [id=subnet-03842677dafe7c361][0m[0m
[0m[1maws_instance.ec2-instance: Creating...[0m[0m
[0m[1mmodule.itea-cluster.aws_eks_cluster.this[0]: Creating...[0m[0m
[0m[1maws_route_table_association.itea-subpub-2-rt: Creating...[0m[0m
[0m[1maws_route_table_association.itea-subpub-1-rt: Creation complete after 0s [id=rtbassoc-04535071596f65686][0m[0m
[0m[1maws_route_table_association.itea-subpub-3-rt: Creation complete after 0s [id=rtbassoc-05cfb520854454930][0m[0m
[0m[1maws_route_table_association.itea-subpub-2-rt: Creation complete after 0s [id=rtbassoc-01c9ac4e8339e0b36][0m[0m
[0m[1maws_instance.ec2-instance: Still creating... [10s elapsed][0m[0m
[0m[1mmodule.itea-cluster.aws_eks_cluster.this[0]: Still creating... [10s elapsed][0m[0m
[0m[1maws_instance.ec2-instance: Still creating... [20s elapsed][0m[0m
[0m[1mmodule.itea-cluster.aws_eks_cluster.this[0]: Still creating... [20s elapsed][0m[0m
[0m[1maws_instance.ec2-instance: Still creating... [30s elapsed][0m[0m
[0m[1mmodule.itea-cluster.aws_eks_cluster.this[0]: Still creating... [30s elapsed][0m[0m
[0m[1maws_instance.ec2-instance: Creation complete after 34s [id=i-0476903b4f900d46a][0m[0m
[0m[1mmodule.itea-cluster.aws_eks_cluster.this[0]: Still creating... [40s elapsed][0m[0m
[0m[1mmodule.itea-cluster.aws_eks_cluster.this[0]: Still creating... [50s elapsed][0m[0m
[0m[1mmodule.itea-cluster.aws_eks_cluster.this[0]: Still creating... [1m0s elapsed][0m[0m
[0m[1mmodule.itea-cluster.aws_eks_cluster.this[0]: Still creating... [1m10s elapsed][0m[0m
[0m[1mmodule.itea-cluster.aws_eks_cluster.this[0]: Still creating... [1m20s elapsed][0m[0m
[0m[1mmodule.itea-cluster.aws_eks_cluster.this[0]: Still creating... [1m30s elapsed][0m[0m
[0m[1mmodule.itea-cluster.aws_eks_cluster.this[0]: Still creating... [1m40s elapsed][0m[0m
[0m[1mmodule.itea-cluster.aws_eks_cluster.this[0]: Still creating... [1m50s elapsed][0m[0m
[0m[1mmodule.itea-cluster.aws_eks_cluster.this[0]: Still creating... [2m0s elapsed][0m[0m
[0m[1mmodule.itea-cluster.aws_eks_cluster.this[0]: Still creating... [2m10s elapsed][0m[0m
[0m[1mmodule.itea-cluster.aws_eks_cluster.this[0]: Still creating... [2m20s elapsed][0m[0m
[0m[1mmodule.itea-cluster.aws_eks_cluster.this[0]: Still creating... [2m30s elapsed][0m[0m
[0m[1mmodule.itea-cluster.aws_eks_cluster.this[0]: Still creating... [2m40s elapsed][0m[0m
[0m[1mmodule.itea-cluster.aws_eks_cluster.this[0]: Still creating... [2m50s elapsed][0m[0m
[0m[1mmodule.itea-cluster.aws_eks_cluster.this[0]: Still creating... [3m0s elapsed][0m[0m
[0m[1mmodule.itea-cluster.aws_eks_cluster.this[0]: Still creating... [3m10s elapsed][0m[0m
[0m[1mmodule.itea-cluster.aws_eks_cluster.this[0]: Still creating... [3m20s elapsed][0m[0m
[0m[1mmodule.itea-cluster.aws_eks_cluster.this[0]: Still creating... [3m30s elapsed][0m[0m
[0m[1mmodule.itea-cluster.aws_eks_cluster.this[0]: Still creating... [3m40s elapsed][0m[0m
[0m[1mmodule.itea-cluster.aws_eks_cluster.this[0]: Still creating... [3m50s elapsed][0m[0m
[0m[1mmodule.itea-cluster.aws_eks_cluster.this[0]: Still creating... [4m0s elapsed][0m[0m
[0m[1mmodule.itea-cluster.aws_eks_cluster.this[0]: Still creating... [4m10s elapsed][0m[0m
[0m[1mmodule.itea-cluster.aws_eks_cluster.this[0]: Still creating... [4m20s elapsed][0m[0m
[0m[1mmodule.itea-cluster.aws_eks_cluster.this[0]: Still creating... [4m30s elapsed][0m[0m
[0m[1mmodule.itea-cluster.aws_eks_cluster.this[0]: Still creating... [4m40s elapsed][0m[0m
[0m[1mmodule.itea-cluster.aws_eks_cluster.this[0]: Still creating... [4m50s elapsed][0m[0m
[0m[1mmodule.itea-cluster.aws_eks_cluster.this[0]: Still creating... [5m0s elapsed][0m[0m
[0m[1mmodule.itea-cluster.aws_eks_cluster.this[0]: Still creating... [5m10s elapsed][0m[0m
[0m[1mmodule.itea-cluster.aws_eks_cluster.this[0]: Still creating... [5m20s elapsed][0m[0m
[0m[1mmodule.itea-cluster.aws_eks_cluster.this[0]: Still creating... [5m30s elapsed][0m[0m
[0m[1mmodule.itea-cluster.aws_eks_cluster.this[0]: Still creating... [5m40s elapsed][0m[0m
[0m[1mmodule.itea-cluster.aws_eks_cluster.this[0]: Still creating... [5m50s elapsed][0m[0m
[0m[1mmodule.itea-cluster.aws_eks_cluster.this[0]: Still creating... [6m0s elapsed][0m[0m
[0m[1mmodule.itea-cluster.aws_eks_cluster.this[0]: Still creating... [6m10s elapsed][0m[0m
[0m[1mmodule.itea-cluster.aws_eks_cluster.this[0]: Still creating... [6m20s elapsed][0m[0m
[0m[1mmodule.itea-cluster.aws_eks_cluster.this[0]: Still creating... [6m30s elapsed][0m[0m
[0m[1mmodule.itea-cluster.aws_eks_cluster.this[0]: Still creating... [6m40s elapsed][0m[0m
[0m[1mmodule.itea-cluster.aws_eks_cluster.this[0]: Still creating... [6m50s elapsed][0m[0m
[0m[1mmodule.itea-cluster.aws_eks_cluster.this[0]: Still creating... [7m0s elapsed][0m[0m
[0m[1mmodule.itea-cluster.aws_eks_cluster.this[0]: Still creating... [7m10s elapsed][0m[0m
[0m[1mmodule.itea-cluster.aws_eks_cluster.this[0]: Still creating... [7m20s elapsed][0m[0m
[0m[1mmodule.itea-cluster.aws_eks_cluster.this[0]: Still creating... [7m30s elapsed][0m[0m
[0m[1mmodule.itea-cluster.aws_eks_cluster.this[0]: Still creating... [7m40s elapsed][0m[0m
[0m[1mmodule.itea-cluster.aws_eks_cluster.this[0]: Still creating... [7m50s elapsed][0m[0m
[0m[1mmodule.itea-cluster.aws_eks_cluster.this[0]: Still creating... [8m0s elapsed][0m[0m
[0m[1mmodule.itea-cluster.aws_eks_cluster.this[0]: Still creating... [8m10s elapsed][0m[0m
[0m[1mmodule.itea-cluster.aws_eks_cluster.this[0]: Still creating... [8m20s elapsed][0m[0m
[0m[1mmodule.itea-cluster.aws_eks_cluster.this[0]: Still creating... [8m30s elapsed][0m[0m
[0m[1mmodule.itea-cluster.aws_eks_cluster.this[0]: Still creating... [8m40s elapsed][0m[0m
[0m[1mmodule.itea-cluster.aws_eks_cluster.this[0]: Still creating... [8m50s elapsed][0m[0m
[0m[1mmodule.itea-cluster.aws_eks_cluster.this[0]: Still creating... [9m0s elapsed][0m[0m
[0m[1mmodule.itea-cluster.aws_eks_cluster.this[0]: Still creating... [9m10s elapsed][0m[0m
[0m[1mmodule.itea-cluster.aws_eks_cluster.this[0]: Still creating... [9m20s elapsed][0m[0m
[0m[1mmodule.itea-cluster.aws_eks_cluster.this[0]: Still creating... [9m30s elapsed][0m[0m
[0m[1mmodule.itea-cluster.aws_eks_cluster.this[0]: Still creating... [9m40s elapsed][0m[0m
[0m[1mmodule.itea-cluster.aws_eks_cluster.this[0]: Still creating... [9m50s elapsed][0m[0m
[0m[1mmodule.itea-cluster.aws_eks_cluster.this[0]: Still creating... [10m0s elapsed][0m[0m
[0m[1mmodule.itea-cluster.aws_eks_cluster.this[0]: Still creating... [10m10s elapsed][0m[0m
[0m[1mmodule.itea-cluster.aws_eks_cluster.this[0]: Still creating... [10m20s elapsed][0m[0m
[0m[1mmodule.itea-cluster.aws_eks_cluster.this[0]: Still creating... [10m30s elapsed][0m[0m
[0m[1mmodule.itea-cluster.aws_eks_cluster.this[0]: Still creating... [10m40s elapsed][0m[0m
[0m[1mmodule.itea-cluster.aws_eks_cluster.this[0]: Still creating... [10m50s elapsed][0m[0m
[0m[1mmodule.itea-cluster.aws_eks_cluster.this[0]: Still creating... [11m0s elapsed][0m[0m
[0m[1mmodule.itea-cluster.aws_eks_cluster.this[0]: Still creating... [11m10s elapsed][0m[0m
[0m[1mmodule.itea-cluster.aws_eks_cluster.this[0]: Still creating... [11m20s elapsed][0m[0m
[0m[1mmodule.itea-cluster.aws_eks_cluster.this[0]: Still creating... [11m30s elapsed][0m[0m
[0m[1mmodule.itea-cluster.aws_eks_cluster.this[0]: Creation complete after 11m32s [id=itea-cluster][0m[0m
[0m[1mmodule.itea-cluster.data.template_file.userdata[0]: Reading...[0m[0m
[0m[1mmodule.itea-cluster.data.template_file.userdata[1]: Reading...[0m[0m
[0m[1mmodule.itea-cluster.data.template_file.userdata[0]: Read complete after 0s [id=a0498b20d6128988fda9411b13932dd78641f5fa157e914007d43ebacc4a434b][0m[0m
[0m[1mmodule.itea-cluster.null_resource.wait_for_cluster[0]: Creating...[0m[0m
[0m[1mmodule.itea-cluster.aws_iam_role.workers[0]: Creating...[0m[0m
[0m[1mmodule.itea-cluster.data.template_file.userdata[1]: Read complete after 0s [id=a0498b20d6128988fda9411b13932dd78641f5fa157e914007d43ebacc4a434b][0m[0m
[0m[1mmodule.itea-cluster.null_resource.wait_for_cluster[0]: Provisioning with 'local-exec'...[0m[0m
[0m[0mmodule.itea-cluster.null_resource.wait_for_cluster[0] (local-exec): Executing: ["/bin/sh" "-c" "for i in `seq 1 60`; do if `command -v wget > /dev/null`; then wget --no-check-certificate -O - -q $ENDPOINT/healthz >/dev/null && exit 0 || true; else curl -k -s $ENDPOINT/healthz >/dev/null && exit 0 || true;fi; sleep 5; done; echo TIMEOUT && exit 1"]
[0m[1mmodule.itea-cluster.local_file.kubeconfig[0]: Creating...[0m[0m
[0m[1mmodule.itea-cluster.local_file.kubeconfig[0]: Creation complete after 0s [id=7e2e80e347bd51671581440419b1ecf7ea0b7bfc][0m[0m
[0m[1mmodule.itea-cluster.aws_iam_role.workers[0]: Creation complete after 1s [id=itea-cluster20210219131413306600000009][0m[0m
[0m[1mmodule.itea-cluster.aws_iam_role_policy_attachment.workers_AmazonEKS_CNI_Policy[0]: Creating...[0m[0m
[0m[1mmodule.itea-cluster.aws_iam_role_policy_attachment.workers_AmazonEC2ContainerRegistryReadOnly[0]: Creating...[0m[0m
[0m[1mmodule.itea-cluster.aws_iam_role_policy_attachment.workers_AmazonEKSWorkerNodePolicy[0]: Creating...[0m[0m
[0m[1mmodule.itea-cluster.aws_iam_instance_profile.workers[1]: Creating...[0m[0m
[0m[1mmodule.itea-cluster.aws_iam_instance_profile.workers[0]: Creating...[0m[0m
[0m[1mmodule.itea-cluster.aws_iam_role_policy_attachment.workers_AmazonEKS_CNI_Policy[0]: Creation complete after 0s [id=itea-cluster20210219131413306600000009-2021021913141366740000000d][0m[0m
[0m[1mmodule.itea-cluster.aws_iam_role_policy_attachment.workers_AmazonEC2ContainerRegistryReadOnly[0]: Creation complete after 0s [id=itea-cluster20210219131413306600000009-2021021913141366580000000c][0m[0m
[0m[1mmodule.itea-cluster.aws_iam_role_policy_attachment.workers_AmazonEKSWorkerNodePolicy[0]: Creation complete after 0s [id=itea-cluster20210219131413306600000009-2021021913141366810000000e][0m[0m
[0m[1mmodule.itea-cluster.aws_iam_instance_profile.workers[1]: Creation complete after 0s [id=itea-cluster2021021913141358750000000a][0m[0m
[0m[1mmodule.itea-cluster.aws_iam_instance_profile.workers[0]: Creation complete after 0s [id=itea-cluster2021021913141358880000000b][0m[0m
[0m[1mmodule.itea-cluster.aws_launch_configuration.workers[1]: Creating...[0m[0m
[0m[1mmodule.itea-cluster.aws_launch_configuration.workers[0]: Creating...[0m[0m
[0m[1mmodule.itea-cluster.null_resource.wait_for_cluster[0]: Still creating... [10s elapsed][0m[0m
[0m[1mmodule.itea-cluster.aws_launch_configuration.workers[1]: Still creating... [10s elapsed][0m[0m
[0m[1mmodule.itea-cluster.aws_launch_configuration.workers[0]: Still creating... [10s elapsed][0m[0m
[0m[1mmodule.itea-cluster.aws_launch_configuration.workers[1]: Creation complete after 11s [id=itea-cluster-worker-22021021913141457660000000f][0m[0m
[0m[1mmodule.itea-cluster.aws_launch_configuration.workers[0]: Creation complete after 11s [id=itea-cluster-worker-120210219131414592400000010][0m[0m
[0m[1mmodule.itea-cluster.random_pet.workers[0]: Creating...[0m[0m
[0m[1mmodule.itea-cluster.random_pet.workers[1]: Creating...[0m[0m
[0m[1mmodule.itea-cluster.random_pet.workers[0]: Creation complete after 0s [id=optimum-lacewing][0m[0m
[0m[1mmodule.itea-cluster.random_pet.workers[1]: Creation complete after 0s [id=hopeful-mink][0m[0m
[0m[1mmodule.itea-cluster.aws_autoscaling_group.workers[1]: Creating...[0m[0m
[0m[1mmodule.itea-cluster.aws_autoscaling_group.workers[0]: Creating...[0m[0m
[0m[1mmodule.itea-cluster.null_resource.wait_for_cluster[0]: Still creating... [20s elapsed][0m[0m
[0m[1mmodule.itea-cluster.aws_autoscaling_group.workers[0]: Still creating... [10s elapsed][0m[0m
[0m[1mmodule.itea-cluster.aws_autoscaling_group.workers[1]: Still creating... [10s elapsed][0m[0m
[0m[1mmodule.itea-cluster.null_resource.wait_for_cluster[0]: Still creating... [30s elapsed][0m[0m
[0m[1mmodule.itea-cluster.aws_autoscaling_group.workers[0]: Still creating... [20s elapsed][0m[0m
[0m[1mmodule.itea-cluster.aws_autoscaling_group.workers[1]: Still creating... [20s elapsed][0m[0m
[0m[1mmodule.itea-cluster.null_resource.wait_for_cluster[0]: Still creating... [40s elapsed][0m[0m
[0m[1mmodule.itea-cluster.aws_autoscaling_group.workers[0]: Still creating... [30s elapsed][0m[0m
[0m[1mmodule.itea-cluster.aws_autoscaling_group.workers[1]: Still creating... [30s elapsed][0m[0m
[0m[1mmodule.itea-cluster.null_resource.wait_for_cluster[0]: Still creating... [50s elapsed][0m[0m
[0m[1mmodule.itea-cluster.aws_autoscaling_group.workers[0]: Still creating... [40s elapsed][0m[0m
[0m[1mmodule.itea-cluster.aws_autoscaling_group.workers[1]: Still creating... [40s elapsed][0m[0m
[0m[1mmodule.itea-cluster.aws_autoscaling_group.workers[0]: Creation complete after 40s [id=itea-cluster-worker-120210219131424677700000012][0m[0m
[0m[1mmodule.itea-cluster.null_resource.wait_for_cluster[0]: Still creating... [1m0s elapsed][0m[0m
[0m[1mmodule.itea-cluster.aws_autoscaling_group.workers[1]: Still creating... [50s elapsed][0m[0m
[0m[1mmodule.itea-cluster.aws_autoscaling_group.workers[1]: Creation complete after 50s [id=itea-cluster-worker-220210219131424673000000011][0m[0m
[0m[1mmodule.itea-cluster.null_resource.wait_for_cluster[0]: Still creating... [1m10s elapsed][0m[0m
[0m[1mmodule.itea-cluster.null_resource.wait_for_cluster[0]: Still creating... [1m20s elapsed][0m[0m
[0m[1mmodule.itea-cluster.null_resource.wait_for_cluster[0]: Still creating... [1m30s elapsed][0m[0m
[0m[1mmodule.itea-cluster.null_resource.wait_for_cluster[0]: Still creating... [1m40s elapsed][0m[0m
[0m[1mmodule.itea-cluster.null_resource.wait_for_cluster[0]: Still creating... [1m50s elapsed][0m[0m
[0m[1mmodule.itea-cluster.null_resource.wait_for_cluster[0]: Still creating... [2m0s elapsed][0m[0m
[0m[1mmodule.itea-cluster.null_resource.wait_for_cluster[0]: Still creating... [2m10s elapsed][0m[0m
[0m[1mmodule.itea-cluster.null_resource.wait_for_cluster[0]: Creation complete after 2m11s [id=4847498334335085626][0m[0m
[0m[1mdata.aws_eks_cluster_auth.cluster_adv: Reading...[0m[0m
[0m[1mdata.aws_eks_cluster.cluster_adv: Reading...[0m[0m
[0m[1mdata.aws_eks_cluster_auth.cluster_adv: Read complete after 0s [id=itea-cluster][0m[0m
[0m[1mdata.aws_eks_cluster.cluster_adv: Read complete after 0s [id=itea-cluster][0m[0m
[0m[1mmodule.itea-cluster.kubernetes_config_map.aws_auth[0]: Creating...[0m[0m
[0m[1mmodule.itea-cluster.kubernetes_config_map.aws_auth[0]: Creation complete after 0s [id=kube-system/aws-auth][0m[0m
[0m[1m[32m
Apply complete! Resources: 41 added, 0 changed, 0 destroyed.[0m
[0m[1m[32m
Outputs:

ec2_endpoint = "3.10.164.193"
eks_endpoint = "https://4FA0E9FDC320E4C48C6C07EFCF8162F6.yl4.eu-west-2.eks.amazonaws.com"
kubeconfig-certificate-authority-data = "LS0tLS1CRUdJTiBDRVJUSUZJQ0FURS0tLS0tCk1JSUN5RENDQWJDZ0F3SUJBZ0lCQURBTkJna3Foa2lHOXcwQkFRc0ZBREFWTVJNd0VRWURWUVFERXdwcmRXSmwKY201bGRHVnpNQjRYRFRJeE1ESXhPVEV6TVRBeU5Gb1hEVE14TURJeE56RXpNVEF5TkZvd0ZURVRNQkVHQTFVRQpBeE1LYTNWaVpYSnVaWFJsY3pDQ0FTSXdEUVlKS29aSWh2Y05BUUVCQlFBRGdnRVBBRENDQVFvQ2dnRUJBS0NKCjRhdXViREJXODk3R0hnSXBLM2kxT1FsZmcyMkZBQXl1OTcrR2lReGRXL3hMeFZ2Z3IyOFZ4aitKaUFsNGpPOVMKc3dFQ3ZjcHhlaHBxd0lIZzA2azAxUEwyaEZxV2RFRUxCaWdUYUptWmUrUndFbkVUcmtWUXVrb1Ztak8xbzd6QgpDNnZtaWRSYVFNaTBqNWh3d011RGY4eCt0K2FFcmdkQXRlL3ZzQ1NvamhhTHZyUUlBTDZtbGwyVFBrY3I2c2NVCjJJTXY0aUVkaE10RTdaT1hIeTNEQVlMenZoRWZIbEltOVo3c2UxUGdubDIxNFR3dkYxQitCUWMyVVdCbFhFc0sKQ1h1L1NrNjhGK1RGcnlESnRsVm51M0Ztcm5kdGZIZzR1eHdpRGtvbm5OcDlCeXBpbHJFWjJ2Q2dtQUt2bnVnNQozYUJiMTNPWkI5dXd5MGpSUm44Q0F3RUFBYU1qTUNFd0RnWURWUjBQQVFIL0JBUURBZ0trTUE4R0ExVWRFd0VCCi93UUZNQU1CQWY4d0RRWUpLb1pJaHZjTkFRRUxCUUFEZ2dFQkFJb1FsZ3l0QWJUNlRXbVBzRmg3WmR4SlgyYm0KMFdLN1E0bjVhdFZzVEQ2TXR2RUlESlEwWlpDQS96N0V3TWhXeFMwWEJCQ042YjVDRk0rOXhQaFN3ckNGZ0twZAp4bGM0TXREQUtCT2VwR2xsc2tqTjJFZHczL1FvVjRyeXU1ZkRrWTAxVnYxYUd0Wkc0b0NXa0tYNzdhVUU0VTVWCmRvc0I5dm1uVjlHTHFGdEwxV2h5YmRuK1RFNlBzbUdZRThtWU5mQ0h3M08zcXdZU3M2WnFkVTlsZE82QVpWY2kKbElISUVnOFQ0NHp1L2swcnlmVjFFYXBQbGRBZXpPbWd4V3ZXQlVnemx1RlNUNEEvMlE5aGtpWDlLZ3NSMU42aApjUm5IdE5iYzl3Yi9KakhHVGFrV1FaeE1Ic2RuU2hua0RVU3JueCsvSEY5QjNnL282anVxNWJDRkpIZz0KLS0tLS1FTkQgQ0VSVElGSUNBVEUtLS0tLQo="[0m
